# THIS IS AN AUTOGENERATED FILE. DO NOT EDIT THIS FILE DIRECTLY.
# yarn lockfile v1


rambdax@^7.2.0:
  version "7.2.0"
  resolved "https://registry.yarnpkg.com/rambdax/-/rambdax-7.2.0.tgz#f2632cb96a89d330d05fa41b488c12185b46001a"
  integrity sha512-l1r7tYf/oRIpCiw1BJB7kSYl9i7H4tJheKbnWq95DM83Q4CazmRYJ+WM/VRaffr09yvMCdgeF4n6Ya4uWBe/Aw==
